
Microsoft Visual Studio Solution File, Format Version 11.00
# Visual Studio 2010
Project("{FAE04EC0-301F-11D3-BF4B-00C04F79EFBC}") = "Hotelier", "Hotelier\Hotelier.csproj", "{5C3974F0-85B4-45D8-93BE-DF3A12909034}"
EndProject
Project("{FAE04EC0-301F-11D3-BF4B-00C04F79EFBC}") = "Hotelier.Tests.EndToEnd", "Hotelier.Tests.EndToEnd\Hotelier.Tests.EndToEnd.csproj", "{6A4A760E-1F7F-46AE-8E13-96471A30BD26}"
EndProject
Global
	GlobalSection(SolutionConfigurationPlatforms) = preSolution
		Debug|Any CPU = Debug|Any CPU
		Release|Any CPU = Release|Any CPU
	EndGlobalSection
	GlobalSection(ProjectConfigurationPlatforms) = postSolution
		{5C3974F0-85B4-45D8-93BE-DF3A12909034}.Debug|Any CPU.ActiveCfg = Debug|Any CPU
		{5C3974F0-85B4-45D8-93BE-DF3A12909034}.Debug|Any CPU.Build.0 = Debug|Any CPU
		{5C3974F0-85B4-45D8-93BE-DF3A12909034}.Release|Any CPU.ActiveCfg = Release|Any CPU
		{5C3974F0-85B4-45D8-93BE-DF3A12909034}.Release|Any CPU.Build.0 = Release|Any CPU
		{6A4A760E-1F7F-46AE-8E13-96471A30BD26}.Debug|Any CPU.ActiveCfg = Debug|Any CPU
		{6A4A760E-1F7F-46AE-8E13-96471A30BD26}.Debug|Any CPU.Build.0 = Debug|Any CPU
		{6A4A760E-1F7F-46AE-8E13-96471A30BD26}.Release|Any CPU.ActiveCfg = Release|Any CPU
		{6A4A760E-1F7F-46AE-8E13-96471A30BD26}.Release|Any CPU.Build.0 = Release|Any CPU
	EndGlobalSection
	GlobalSection(MonoDevelopProperties) = preSolution
		StartupItem = Hotelier\Hotelier.csproj
	EndGlobalSection
EndGlobal
